
Microsoft Visual Studio Solution File, Format Version 12.00
# Visual Studio Version 16
VisualStudioVersion = 16.0.30717.126
MinimumVisualStudioVersion = 10.0.40219.1
Project("{FAE04EC0-301F-11D3-BF4B-00C04F79EFBC}") = "2020-12-17 MayinTarlasi", "2020-12-17 MayinTarlasi\2020-12-17 MayinTarlasi.csproj", "{3FAA9E86-409D-4670-8020-B94480C20E38}"
EndProject
Global
	GlobalSection(SolutionConfigurationPlatforms) = preSolution
		Debug|Any CPU = Debug|Any CPU
		Release|Any CPU = Release|Any CPU
	EndGlobalSection
	GlobalSection(ProjectConfigurationPlatforms) = postSolution
		{3FAA9E86-409D-4670-8020-B94480C20E38}.Debug|Any CPU.ActiveCfg = Debug|Any CPU
		{3FAA9E86-409D-4670-8020-B94480C20E38}.Debug|Any CPU.Build.0 = Debug|Any CPU
		{3FAA9E86-409D-4670-8020-B94480C20E38}.Release|Any CPU.ActiveCfg = Release|Any CPU
		{3FAA9E86-409D-4670-8020-B94480C20E38}.Release|Any CPU.Build.0 = Release|Any CPU
	EndGlobalSection
	GlobalSection(SolutionProperties) = preSolution
		HideSolutionNode = FALSE
	EndGlobalSection
	GlobalSection(ExtensibilityGlobals) = postSolution
		SolutionGuid = {DE5CF9FF-E257-4BC2-85DA-4D086A5D6CB9}
	EndGlobalSection
EndGlobal
